
Microsoft Visual Studio Solution File, Format Version 12.00
# Visual Studio Version 17
VisualStudioVersion = 17.10.34928.147
MinimumVisualStudioVersion = 10.0.40219.1
Project("{FAE04EC0-301F-11D3-BF4B-00C04F79EFBC}") = "Delegates", "Delegates\Delegates.csproj", "{4EB45F76-DB1B-4917-A356-1790ED1CE46F}"
EndProject
Global
	GlobalSection(SolutionConfigurationPlatforms) = preSolution
		Debug|Any CPU = Debug|Any CPU
		Release|Any CPU = Release|Any CPU
	EndGlobalSection
	GlobalSection(ProjectConfigurationPlatforms) = postSolution
		{4EB45F76-DB1B-4917-A356-1790ED1CE46F}.Debug|Any CPU.ActiveCfg = Debug|Any CPU
		{4EB45F76-DB1B-4917-A356-1790ED1CE46F}.Debug|Any CPU.Build.0 = Debug|Any CPU
		{4EB45F76-DB1B-4917-A356-1790ED1CE46F}.Release|Any CPU.ActiveCfg = Release|Any CPU
		{4EB45F76-DB1B-4917-A356-1790ED1CE46F}.Release|Any CPU.Build.0 = Release|Any CPU
	EndGlobalSection
	GlobalSection(SolutionProperties) = preSolution
		HideSolutionNode = FALSE
	EndGlobalSection
	GlobalSection(ExtensibilityGlobals) = postSolution
		SolutionGuid = {6B141E53-D6E4-4C0F-B794-3112E5DF4B10}
	EndGlobalSection
EndGlobal
